
Microsoft Visual Studio Solution File, Format Version 12.00
# Visual Studio Version 17
VisualStudioVersion = 17.8.34309.116
MinimumVisualStudioVersion = 10.0.40219.1
Project("{778DAE3C-4631-46EA-AA77-85C1314464D9}") = "01 - Empty", "01 - Empty\01 - Empty.vbproj", "{62A5182B-F860-4E5F-AAF3-B2D0CFD7118B}"
EndProject
Project("{778DAE3C-4631-46EA-AA77-85C1314464D9}") = "vbPixelGameEngine", "..\src\vbPixelGameEngine\vbPixelGameEngine.vbproj", "{2A154FF0-3497-40BA-88F2-E79FF7385807}"
EndProject
Project("{778DAE3C-4631-46EA-AA77-85C1314464D9}") = "02 - HelloWorld", "02 - HelloWorld\02 - HelloWorld.vbproj", "{9FF71BA9-6C00-4A27-B201-7B62DCA64230}"
EndProject
Project("{778DAE3C-4631-46EA-AA77-85C1314464D9}") = "03 - Mazes", "03 - Mazes\03 - Mazes.vbproj", "{179F06D8-CB16-4BF0-98A4-14A5005A9914}"
EndProject
Project("{778DAE3C-4631-46EA-AA77-85C1314464D9}") = "04 - GameOfLife", "04 - GameOfLife\04 - GameOfLife.vbproj", "{EBB97B83-13B8-4574-BCCC-C616392E699F}"
EndProject
Project("{778DAE3C-4631-46EA-AA77-85C1314464D9}") = "05 - RetroArcadeRacer", "05 - RetroArcadeRacer\05 - RetroArcadeRacer.vbproj", "{1B1BA8DC-512D-4E14-93B4-C085CF86FCDE}"
EndProject
Project("{778DAE3C-4631-46EA-AA77-85C1314464D9}") = "53 - SpriteTest", "53 - SpriteTest\53 - SpriteTest.vbproj", "{FA038ECB-8E06-4160-AD61-2991D93D8D91}"
EndProject
Project("{778DAE3C-4631-46EA-AA77-85C1314464D9}") = "55 - SotB", "55 - SotB\55 - SotB.vbproj", "{64E45485-DA6B-4622-A1A2-1C4436B9D65A}"
EndProject
Project("{778DAE3C-4631-46EA-AA77-85C1314464D9}") = "54 - SnowBalls", "54 - SnowBalls\54 - SnowBalls.vbproj", "{81D3102F-6078-41FC-A8A0-DB65B9FBCB97}"
EndProject
Project("{778DAE3C-4631-46EA-AA77-85C1314464D9}") = "57 - XmasTree", "57 - XmasTree\57 - XmasTree.vbproj", "{01A41BB5-4CE6-4464-8A49-DE14EC0D5108}"
EndProject
Project("{778DAE3C-4631-46EA-AA77-85C1314464D9}") = "56 - GwBasic", "56 - GwBasic\56 - GwBasic.vbproj", "{B408F673-528C-4DC8-A0C5-725CDF9EF1DB}"
EndProject
Project("{778DAE3C-4631-46EA-AA77-85C1314464D9}") = "58 - Catrun", "58 - Catrun\58 - Catrun.vbproj", "{DF008937-8352-42DF-8FE4-DE87690CFB81}"
EndProject
Project("{778DAE3C-4631-46EA-AA77-85C1314464D9}") = "33 - ShadowCasting2D", "33 - ShadowCasting2D\33 - ShadowCasting2D.vbproj", "{1A2F59BE-E7E1-470F-98C8-F8D5B8BDDEEE}"
EndProject
Project("{778DAE3C-4631-46EA-AA77-85C1314464D9}") = "34 - SpriteTransforms", "34 - SpriteTransforms\34 - SpriteTransforms.vbproj", "{896F257A-CF92-4060-ABF2-201026ADAC74}"
EndProject
Project("{778DAE3C-4631-46EA-AA77-85C1314464D9}") = "35 - PathFinding_WaveProp", "35 - PathFinding_WaveProp\35 - PathFinding_WaveProp.vbproj", "{584AB6B4-BB02-4C17-AE61-5CD266162ECA}"
EndProject
Project("{778DAE3C-4631-46EA-AA77-85C1314464D9}") = "36 - CarCrimeCity1", "36 - CarCrimeCity1\36 - CarCrimeCity1.vbproj", "{B291098C-BC06-482A-9F90-3485FB6593A5}"
EndProject
Project("{778DAE3C-4631-46EA-AA77-85C1314464D9}") = "37 - PolygonCollisions1", "37 - PolygonCollisions1\37 - PolygonCollisions1.vbproj", "{3052B36D-9560-4F84-8B87-42BBACE9B119}"
EndProject
Project("{778DAE3C-4631-46EA-AA77-85C1314464D9}") = "38 - Polymorphism", "38 - Polymorphism\38 - Polymorphism.vbproj", "{41CF7EEF-AFBD-4480-8CC8-FED3B45335F7}"
EndProject
Project("{778DAE3C-4631-46EA-AA77-85C1314464D9}") = "40 - CarCrimeCity2", "40 - CarCrimeCity2\40 - CarCrimeCity2.vbproj", "{D670E5A1-79CC-4084-AA76-87FEB0347F77}"
EndProject
Project("{778DAE3C-4631-46EA-AA77-85C1314464D9}") = "43 - NESp2", "43 - NESp2\43 - NESp2.vbproj", "{E3BBF462-7B9C-426A-ACFF-0457F613ECAF}"
EndProject
Project("{778DAE3C-4631-46EA-AA77-85C1314464D9}") = "44 - NESp3", "44 - NESp3\44 - NESp3.vbproj", "{B503E836-A9C0-4092-A668-1753F8B3FAB0}"
EndProject
Project("{778DAE3C-4631-46EA-AA77-85C1314464D9}") = "45 - NESp4", "45 - NESp4\45 - NESp4.vbproj", "{BCE5419E-596B-4204-9882-BBDC43DA400E}"
EndProject
Project("{778DAE3C-4631-46EA-AA77-85C1314464D9}") = "47 - IsometricTiles", "47 - IsometricTiles\47 - IsometricTiles.vbproj", "{4AD0CE07-3EA5-4438-B080-3D59EDAC9FA2}"
EndProject
Project("{778DAE3C-4631-46EA-AA77-85C1314464D9}") = "49 - ProcGenUniverse", "49 - ProcGenUniverse\49 - ProcGenUniverse.vbproj", "{F480B7D3-E0F7-4B52-B66B-FF6613485CCC}"
EndProject
Project("{778DAE3C-4631-46EA-AA77-85C1314464D9}") = "10 - Webcam", "10 - Webcam\10 - Webcam.vbproj", "{E8BB309C-4ABA-4016-9879-887939061806}"
EndProject
Project("{778DAE3C-4631-46EA-AA77-85C1314464D9}") = "41 - 8BitsImProc", "41 - 8BitsImProc\41 - 8BitsImProc.vbproj", "{04B624E1-DA39-4033-B1D6-1DB157CFF214}"
EndProject
Project("{778DAE3C-4631-46EA-AA77-85C1314464D9}") = "23 - Breakout", "23 - Breakout\23 - Breakout.vbproj", "{F1BA6F0A-650B-48A5-B157-84F121D60FF9}"
EndProject
Project("{778DAE3C-4631-46EA-AA77-85C1314464D9}") = "11 - PathFinding_AStar", "11 - PathFinding_AStar\11 - PathFinding_AStar.vbproj", "{4F103891-B975-40D4-B9B0-0141EB58590D}"
EndProject
Project("{778DAE3C-4631-46EA-AA77-85C1314464D9}") = "08 - Asteroids", "08 - Asteroids\08 - Asteroids.vbproj", "{D83E20FC-D8A6-47B7-89F4-501875207937}"
EndProject
Project("{778DAE3C-4631-46EA-AA77-85C1314464D9}") = "59 - CoCo", "59 - CoCo\59 - CoCo.vbproj", "{7A2E9EA1-6F2C-4770-9989-597198A6D1C1}"
EndProject
Project("{778DAE3C-4631-46EA-AA77-85C1314464D9}") = "60 - Minimaze", "60 - Minimaze\60 - Minimaze.vbproj", "{CA7CEC43-24AE-4ED8-BAD0-3931ABBB691C}"
EndProject
Project("{778DAE3C-4631-46EA-AA77-85C1314464D9}") = "61 - Spirograph", "61 - Spirograph\61 - Spirograph.vbproj", "{7B21B7F8-29C7-4051-AD1E-4553DDC453D8}"
EndProject
Project("{778DAE3C-4631-46EA-AA77-85C1314464D9}") = "62 - BoingBall", "62 - BoingBall\62 - BoingBall.vbproj", "{ABD9C5ED-5C3B-41AA-A618-C1297FA639D6}"
EndProject
Project("{778DAE3C-4631-46EA-AA77-85C1314464D9}") = "63 - Boxes", "63 - Boxes\63 - Boxes.vbproj", "{BA34CC49-3EA3-4803-8469-2C3334F7471A}"
EndProject
Project("{778DAE3C-4631-46EA-AA77-85C1314464D9}") = "64 - BLoad", "64 - BLoad\64 - BLoad.vbproj", "{AA7E5B1C-F6E5-49D5-85D0-D44EA024B739}"
EndProject
Project("{778DAE3C-4631-46EA-AA77-85C1314464D9}") = "65 - Fedora", "65 - Fedora\65 - Fedora.vbproj", "{33C12A4B-913D-4F96-ABF7-341827281ABB}"
EndProject
Project("{778DAE3C-4631-46EA-AA77-85C1314464D9}") = "66 - Spiral", "66 - Spiral\66 - Spiral.vbproj", "{6C0C25FD-098D-44D8-B09A-A4EA2BFD74CF}"
EndProject
Project("{778DAE3C-4631-46EA-AA77-85C1314464D9}") = "67 - BSave", "67 - BSave\67 - BSave.vbproj", "{A778C1B9-45F7-4A00-89D3-54F3467968F5}"
EndProject
Project("{778DAE3C-4631-46EA-AA77-85C1314464D9}") = "68 - Breakout2", "68 - Breakout2\68 - Breakout2.vbproj", "{80ED8D8D-3407-4481-B48E-1C845D2AAF84}"
EndProject
Project("{778DAE3C-4631-46EA-AA77-85C1314464D9}") = "69 - 1500_Circles", "69 - 1500_Circles\69 - 1500_Circles.vbproj", "{465CAF3A-672C-490F-8268-4BE727C7FD07}"
EndProject
Project("{778DAE3C-4631-46EA-AA77-85C1314464D9}") = "70 - 4501_Polys", "70 - 4501_Polys\70 - 4501_Polys.vbproj", "{CBCF9160-7746-4645-9EAC-DDB571536BED}"
EndProject
Project("{778DAE3C-4631-46EA-AA77-85C1314464D9}") = "71 - BubbleUniverse", "71 - BubbleUniverse\71 - BubbleUniverse.vbproj", "{E787AD05-E82F-437B-860C-3AA275033B59}"
EndProject
Project("{778DAE3C-4631-46EA-AA77-85C1314464D9}") = "72 - Waves", "72 - Waves\72 - Waves.vbproj", "{663A6BD1-0FE5-4BDF-BACF-EF873C30A47E}"
EndProject
Project("{778DAE3C-4631-46EA-AA77-85C1314464D9}") = "73 - CPET_Hat", "73 - CPET_Hat\73 - CPET_Hat.vbproj", "{6D86DDB4-5672-4E50-8777-3250D51DD732}"
EndProject
Project("{F184B08F-C81C-45F6-A57F-5ABD9991F28F}") = "74 - AmigaDemoLaxity", "74 - AmigaDemoLaxity\74 - AmigaDemoLaxity.vbproj", "{03DB3080-52B4-4A8D-B9F7-1145FA7F2ACB}"
EndProject
Global
	GlobalSection(SolutionConfigurationPlatforms) = preSolution
		Debug|Any CPU = Debug|Any CPU
		Release|Any CPU = Release|Any CPU
	EndGlobalSection
	GlobalSection(ProjectConfigurationPlatforms) = postSolution
		{62A5182B-F860-4E5F-AAF3-B2D0CFD7118B}.Debug|Any CPU.ActiveCfg = Debug|Any CPU
		{62A5182B-F860-4E5F-AAF3-B2D0CFD7118B}.Debug|Any CPU.Build.0 = Debug|Any CPU
		{62A5182B-F860-4E5F-AAF3-B2D0CFD7118B}.Release|Any CPU.ActiveCfg = Release|Any CPU
		{62A5182B-F860-4E5F-AAF3-B2D0CFD7118B}.Release|Any CPU.Build.0 = Release|Any CPU
		{2A154FF0-3497-40BA-88F2-E79FF7385807}.Debug|Any CPU.ActiveCfg = Debug|Any CPU
		{2A154FF0-3497-40BA-88F2-E79FF7385807}.Debug|Any CPU.Build.0 = Debug|Any CPU
		{2A154FF0-3497-40BA-88F2-E79FF7385807}.Release|Any CPU.ActiveCfg = Release|Any CPU
		{2A154FF0-3497-40BA-88F2-E79FF7385807}.Release|Any CPU.Build.0 = Release|Any CPU
		{9FF71BA9-6C00-4A27-B201-7B62DCA64230}.Debug|Any CPU.ActiveCfg = Debug|Any CPU
		{9FF71BA9-6C00-4A27-B201-7B62DCA64230}.Debug|Any CPU.Build.0 = Debug|Any CPU
		{9FF71BA9-6C00-4A27-B201-7B62DCA64230}.Release|Any CPU.ActiveCfg = Release|Any CPU
		{9FF71BA9-6C00-4A27-B201-7B62DCA64230}.Release|Any CPU.Build.0 = Release|Any CPU
		{179F06D8-CB16-4BF0-98A4-14A5005A9914}.Debug|Any CPU.ActiveCfg = Debug|Any CPU
		{179F06D8-CB16-4BF0-98A4-14A5005A9914}.Debug|Any CPU.Build.0 = Debug|Any CPU
		{179F06D8-CB16-4BF0-98A4-14A5005A9914}.Release|Any CPU.ActiveCfg = Release|Any CPU
		{179F06D8-CB16-4BF0-98A4-14A5005A9914}.Release|Any CPU.Build.0 = Release|Any CPU
		{EBB97B83-13B8-4574-BCCC-C616392E699F}.Debug|Any CPU.ActiveCfg = Debug|Any CPU
		{EBB97B83-13B8-4574-BCCC-C616392E699F}.Debug|Any CPU.Build.0 = Debug|Any CPU
		{EBB97B83-13B8-4574-BCCC-C616392E699F}.Release|Any CPU.ActiveCfg = Release|Any CPU
		{EBB97B83-13B8-4574-BCCC-C616392E699F}.Release|Any CPU.Build.0 = Release|Any CPU
		{1B1BA8DC-512D-4E14-93B4-C085CF86FCDE}.Debug|Any CPU.ActiveCfg = Debug|Any CPU
		{1B1BA8DC-512D-4E14-93B4-C085CF86FCDE}.Debug|Any CPU.Build.0 = Debug|Any CPU
		{1B1BA8DC-512D-4E14-93B4-C085CF86FCDE}.Release|Any CPU.ActiveCfg = Release|Any CPU
		{1B1BA8DC-512D-4E14-93B4-C085CF86FCDE}.Release|Any CPU.Build.0 = Release|Any CPU
		{FA038ECB-8E06-4160-AD61-2991D93D8D91}.Debug|Any CPU.ActiveCfg = Debug|Any CPU
		{FA038ECB-8E06-4160-AD61-2991D93D8D91}.Debug|Any CPU.Build.0 = Debug|Any CPU
		{FA038ECB-8E06-4160-AD61-2991D93D8D91}.Release|Any CPU.ActiveCfg = Release|Any CPU
		{FA038ECB-8E06-4160-AD61-2991D93D8D91}.Release|Any CPU.Build.0 = Release|Any CPU
		{64E45485-DA6B-4622-A1A2-1C4436B9D65A}.Debug|Any CPU.ActiveCfg = Debug|Any CPU
		{64E45485-DA6B-4622-A1A2-1C4436B9D65A}.Debug|Any CPU.Build.0 = Debug|Any CPU
		{64E45485-DA6B-4622-A1A2-1C4436B9D65A}.Release|Any CPU.ActiveCfg = Release|Any CPU
		{64E45485-DA6B-4622-A1A2-1C4436B9D65A}.Release|Any CPU.Build.0 = Release|Any CPU
		{81D3102F-6078-41FC-A8A0-DB65B9FBCB97}.Debug|Any CPU.ActiveCfg = Debug|Any CPU
		{81D3102F-6078-41FC-A8A0-DB65B9FBCB97}.Debug|Any CPU.Build.0 = Debug|Any CPU
		{81D3102F-6078-41FC-A8A0-DB65B9FBCB97}.Release|Any CPU.ActiveCfg = Release|Any CPU
		{81D3102F-6078-41FC-A8A0-DB65B9FBCB97}.Release|Any CPU.Build.0 = Release|Any CPU
		{01A41BB5-4CE6-4464-8A49-DE14EC0D5108}.Debug|Any CPU.ActiveCfg = Debug|Any CPU
		{01A41BB5-4CE6-4464-8A49-DE14EC0D5108}.Debug|Any CPU.Build.0 = Debug|Any CPU
		{01A41BB5-4CE6-4464-8A49-DE14EC0D5108}.Release|Any CPU.ActiveCfg = Release|Any CPU
		{01A41BB5-4CE6-4464-8A49-DE14EC0D5108}.Release|Any CPU.Build.0 = Release|Any CPU
		{B408F673-528C-4DC8-A0C5-725CDF9EF1DB}.Debug|Any CPU.ActiveCfg = Debug|Any CPU
		{B408F673-528C-4DC8-A0C5-725CDF9EF1DB}.Debug|Any CPU.Build.0 = Debug|Any CPU
		{B408F673-528C-4DC8-A0C5-725CDF9EF1DB}.Release|Any CPU.ActiveCfg = Release|Any CPU
		{B408F673-528C-4DC8-A0C5-725CDF9EF1DB}.Release|Any CPU.Build.0 = Release|Any CPU
		{DF008937-8352-42DF-8FE4-DE87690CFB81}.Debug|Any CPU.ActiveCfg = Debug|Any CPU
		{DF008937-8352-42DF-8FE4-DE87690CFB81}.Debug|Any CPU.Build.0 = Debug|Any CPU
		{DF008937-8352-42DF-8FE4-DE87690CFB81}.Release|Any CPU.ActiveCfg = Release|Any CPU
		{DF008937-8352-42DF-8FE4-DE87690CFB81}.Release|Any CPU.Build.0 = Release|Any CPU
		{1A2F59BE-E7E1-470F-98C8-F8D5B8BDDEEE}.Debug|Any CPU.ActiveCfg = Debug|Any CPU
		{1A2F59BE-E7E1-470F-98C8-F8D5B8BDDEEE}.Debug|Any CPU.Build.0 = Debug|Any CPU
		{1A2F59BE-E7E1-470F-98C8-F8D5B8BDDEEE}.Release|Any CPU.ActiveCfg = Release|Any CPU
		{1A2F59BE-E7E1-470F-98C8-F8D5B8BDDEEE}.Release|Any CPU.Build.0 = Release|Any CPU
		{896F257A-CF92-4060-ABF2-201026ADAC74}.Debug|Any CPU.ActiveCfg = Debug|Any CPU
		{896F257A-CF92-4060-ABF2-201026ADAC74}.Debug|Any CPU.Build.0 = Debug|Any CPU
		{896F257A-CF92-4060-ABF2-201026ADAC74}.Release|Any CPU.ActiveCfg = Release|Any CPU
		{896F257A-CF92-4060-ABF2-201026ADAC74}.Release|Any CPU.Build.0 = Release|Any CPU
		{584AB6B4-BB02-4C17-AE61-5CD266162ECA}.Debug|Any CPU.ActiveCfg = Debug|Any CPU
		{584AB6B4-BB02-4C17-AE61-5CD266162ECA}.Debug|Any CPU.Build.0 = Debug|Any CPU
		{584AB6B4-BB02-4C17-AE61-5CD266162ECA}.Release|Any CPU.ActiveCfg = Release|Any CPU
		{584AB6B4-BB02-4C17-AE61-5CD266162ECA}.Release|Any CPU.Build.0 = Release|Any CPU
		{B291098C-BC06-482A-9F90-3485FB6593A5}.Debug|Any CPU.ActiveCfg = Debug|Any CPU
		{B291098C-BC06-482A-9F90-3485FB6593A5}.Debug|Any CPU.Build.0 = Debug|Any CPU
		{B291098C-BC06-482A-9F90-3485FB6593A5}.Release|Any CPU.ActiveCfg = Release|Any CPU
		{B291098C-BC06-482A-9F90-3485FB6593A5}.Release|Any CPU.Build.0 = Release|Any CPU
		{3052B36D-9560-4F84-8B87-42BBACE9B119}.Debug|Any CPU.ActiveCfg = Debug|Any CPU
		{3052B36D-9560-4F84-8B87-42BBACE9B119}.Debug|Any CPU.Build.0 = Debug|Any CPU
		{3052B36D-9560-4F84-8B87-42BBACE9B119}.Release|Any CPU.ActiveCfg = Release|Any CPU
		{3052B36D-9560-4F84-8B87-42BBACE9B119}.Release|Any CPU.Build.0 = Release|Any CPU
		{41CF7EEF-AFBD-4480-8CC8-FED3B45335F7}.Debug|Any CPU.ActiveCfg = Debug|Any CPU
		{41CF7EEF-AFBD-4480-8CC8-FED3B45335F7}.Debug|Any CPU.Build.0 = Debug|Any CPU
		{41CF7EEF-AFBD-4480-8CC8-FED3B45335F7}.Release|Any CPU.ActiveCfg = Release|Any CPU
		{41CF7EEF-AFBD-4480-8CC8-FED3B45335F7}.Release|Any CPU.Build.0 = Release|Any CPU
		{D670E5A1-79CC-4084-AA76-87FEB0347F77}.Debug|Any CPU.ActiveCfg = Debug|Any CPU
		{D670E5A1-79CC-4084-AA76-87FEB0347F77}.Debug|Any CPU.Build.0 = Debug|Any CPU
		{D670E5A1-79CC-4084-AA76-87FEB0347F77}.Release|Any CPU.ActiveCfg = Release|Any CPU
		{D670E5A1-79CC-4084-AA76-87FEB0347F77}.Release|Any CPU.Build.0 = Release|Any CPU
		{E3BBF462-7B9C-426A-ACFF-0457F613ECAF}.Debug|Any CPU.ActiveCfg = Debug|Any CPU
		{E3BBF462-7B9C-426A-ACFF-0457F613ECAF}.Debug|Any CPU.Build.0 = Debug|Any CPU
		{E3BBF462-7B9C-426A-ACFF-0457F613ECAF}.Release|Any CPU.ActiveCfg = Release|Any CPU
		{E3BBF462-7B9C-426A-ACFF-0457F613ECAF}.Release|Any CPU.Build.0 = Release|Any CPU
		{B503E836-A9C0-4092-A668-1753F8B3FAB0}.Debug|Any CPU.ActiveCfg = Debug|Any CPU
		{B503E836-A9C0-4092-A668-1753F8B3FAB0}.Debug|Any CPU.Build.0 = Debug|Any CPU
		{B503E836-A9C0-4092-A668-1753F8B3FAB0}.Release|Any CPU.ActiveCfg = Release|Any CPU
		{B503E836-A9C0-4092-A668-1753F8B3FAB0}.Release|Any CPU.Build.0 = Release|Any CPU
		{BCE5419E-596B-4204-9882-BBDC43DA400E}.Debug|Any CPU.ActiveCfg = Debug|Any CPU
		{BCE5419E-596B-4204-9882-BBDC43DA400E}.Debug|Any CPU.Build.0 = Debug|Any CPU
		{BCE5419E-596B-4204-9882-BBDC43DA400E}.Release|Any CPU.ActiveCfg = Release|Any CPU
		{BCE5419E-596B-4204-9882-BBDC43DA400E}.Release|Any CPU.Build.0 = Release|Any CPU
		{4AD0CE07-3EA5-4438-B080-3D59EDAC9FA2}.Debug|Any CPU.ActiveCfg = Debug|Any CPU
		{4AD0CE07-3EA5-4438-B080-3D59EDAC9FA2}.Debug|Any CPU.Build.0 = Debug|Any CPU
		{4AD0CE07-3EA5-4438-B080-3D59EDAC9FA2}.Release|Any CPU.ActiveCfg = Release|Any CPU
		{4AD0CE07-3EA5-4438-B080-3D59EDAC9FA2}.Release|Any CPU.Build.0 = Release|Any CPU
		{F480B7D3-E0F7-4B52-B66B-FF6613485CCC}.Debug|Any CPU.ActiveCfg = Debug|Any CPU
		{F480B7D3-E0F7-4B52-B66B-FF6613485CCC}.Debug|Any CPU.Build.0 = Debug|Any CPU
		{F480B7D3-E0F7-4B52-B66B-FF6613485CCC}.Release|Any CPU.ActiveCfg = Release|Any CPU
		{F480B7D3-E0F7-4B52-B66B-FF6613485CCC}.Release|Any CPU.Build.0 = Release|Any CPU
		{E8BB309C-4ABA-4016-9879-887939061806}.Debug|Any CPU.ActiveCfg = Debug|Any CPU
		{E8BB309C-4ABA-4016-9879-887939061806}.Debug|Any CPU.Build.0 = Debug|Any CPU
		{E8BB309C-4ABA-4016-9879-887939061806}.Release|Any CPU.ActiveCfg = Release|Any CPU
		{E8BB309C-4ABA-4016-9879-887939061806}.Release|Any CPU.Build.0 = Release|Any CPU
		{04B624E1-DA39-4033-B1D6-1DB157CFF214}.Debug|Any CPU.ActiveCfg = Debug|Any CPU
		{04B624E1-DA39-4033-B1D6-1DB157CFF214}.Debug|Any CPU.Build.0 = Debug|Any CPU
		{04B624E1-DA39-4033-B1D6-1DB157CFF214}.Release|Any CPU.ActiveCfg = Release|Any CPU
		{04B624E1-DA39-4033-B1D6-1DB157CFF214}.Release|Any CPU.Build.0 = Release|Any CPU
		{F1BA6F0A-650B-48A5-B157-84F121D60FF9}.Debug|Any CPU.ActiveCfg = Debug|Any CPU
		{F1BA6F0A-650B-48A5-B157-84F121D60FF9}.Debug|Any CPU.Build.0 = Debug|Any CPU
		{F1BA6F0A-650B-48A5-B157-84F121D60FF9}.Release|Any CPU.ActiveCfg = Release|Any CPU
		{F1BA6F0A-650B-48A5-B157-84F121D60FF9}.Release|Any CPU.Build.0 = Release|Any CPU
		{4F103891-B975-40D4-B9B0-0141EB58590D}.Debug|Any CPU.ActiveCfg = Debug|Any CPU
		{4F103891-B975-40D4-B9B0-0141EB58590D}.Debug|Any CPU.Build.0 = Debug|Any CPU
		{4F103891-B975-40D4-B9B0-0141EB58590D}.Release|Any CPU.ActiveCfg = Release|Any CPU
		{4F103891-B975-40D4-B9B0-0141EB58590D}.Release|Any CPU.Build.0 = Release|Any CPU
		{D83E20FC-D8A6-47B7-89F4-501875207937}.Debug|Any CPU.ActiveCfg = Debug|Any CPU
		{D83E20FC-D8A6-47B7-89F4-501875207937}.Debug|Any CPU.Build.0 = Debug|Any CPU
		{D83E20FC-D8A6-47B7-89F4-501875207937}.Release|Any CPU.ActiveCfg = Release|Any CPU
		{D83E20FC-D8A6-47B7-89F4-501875207937}.Release|Any CPU.Build.0 = Release|Any CPU
		{7A2E9EA1-6F2C-4770-9989-597198A6D1C1}.Debug|Any CPU.ActiveCfg = Debug|Any CPU
		{7A2E9EA1-6F2C-4770-9989-597198A6D1C1}.Debug|Any CPU.Build.0 = Debug|Any CPU
		{7A2E9EA1-6F2C-4770-9989-597198A6D1C1}.Release|Any CPU.ActiveCfg = Release|Any CPU
		{7A2E9EA1-6F2C-4770-9989-597198A6D1C1}.Release|Any CPU.Build.0 = Release|Any CPU
		{CA7CEC43-24AE-4ED8-BAD0-3931ABBB691C}.Debug|Any CPU.ActiveCfg = Debug|Any CPU
		{CA7CEC43-24AE-4ED8-BAD0-3931ABBB691C}.Debug|Any CPU.Build.0 = Debug|Any CPU
		{CA7CEC43-24AE-4ED8-BAD0-3931ABBB691C}.Release|Any CPU.ActiveCfg = Release|Any CPU
		{CA7CEC43-24AE-4ED8-BAD0-3931ABBB691C}.Release|Any CPU.Build.0 = Release|Any CPU
		{7B21B7F8-29C7-4051-AD1E-4553DDC453D8}.Debug|Any CPU.ActiveCfg = Debug|Any CPU
		{7B21B7F8-29C7-4051-AD1E-4553DDC453D8}.Debug|Any CPU.Build.0 = Debug|Any CPU
		{7B21B7F8-29C7-4051-AD1E-4553DDC453D8}.Release|Any CPU.ActiveCfg = Release|Any CPU
		{7B21B7F8-29C7-4051-AD1E-4553DDC453D8}.Release|Any CPU.Build.0 = Release|Any CPU
		{ABD9C5ED-5C3B-41AA-A618-C1297FA639D6}.Debug|Any CPU.ActiveCfg = Debug|Any CPU
		{ABD9C5ED-5C3B-41AA-A618-C1297FA639D6}.Debug|Any CPU.Build.0 = Debug|Any CPU
		{ABD9C5ED-5C3B-41AA-A618-C1297FA639D6}.Release|Any CPU.ActiveCfg = Release|Any CPU
		{ABD9C5ED-5C3B-41AA-A618-C1297FA639D6}.Release|Any CPU.Build.0 = Release|Any CPU
		{BA34CC49-3EA3-4803-8469-2C3334F7471A}.Debug|Any CPU.ActiveCfg = Debug|Any CPU
		{BA34CC49-3EA3-4803-8469-2C3334F7471A}.Debug|Any CPU.Build.0 = Debug|Any CPU
		{BA34CC49-3EA3-4803-8469-2C3334F7471A}.Release|Any CPU.ActiveCfg = Release|Any CPU
		{BA34CC49-3EA3-4803-8469-2C3334F7471A}.Release|Any CPU.Build.0 = Release|Any CPU
		{AA7E5B1C-F6E5-49D5-85D0-D44EA024B739}.Debug|Any CPU.ActiveCfg = Debug|Any CPU
		{AA7E5B1C-F6E5-49D5-85D0-D44EA024B739}.Debug|Any CPU.Build.0 = Debug|Any CPU
		{AA7E5B1C-F6E5-49D5-85D0-D44EA024B739}.Release|Any CPU.ActiveCfg = Release|Any CPU
		{AA7E5B1C-F6E5-49D5-85D0-D44EA024B739}.Release|Any CPU.Build.0 = Release|Any CPU
		{33C12A4B-913D-4F96-ABF7-341827281ABB}.Debug|Any CPU.ActiveCfg = Debug|Any CPU
		{33C12A4B-913D-4F96-ABF7-341827281ABB}.Debug|Any CPU.Build.0 = Debug|Any CPU
		{33C12A4B-913D-4F96-ABF7-341827281ABB}.Release|Any CPU.ActiveCfg = Release|Any CPU
		{33C12A4B-913D-4F96-ABF7-341827281ABB}.Release|Any CPU.Build.0 = Release|Any CPU
		{6C0C25FD-098D-44D8-B09A-A4EA2BFD74CF}.Debug|Any CPU.ActiveCfg = Debug|Any CPU
		{6C0C25FD-098D-44D8-B09A-A4EA2BFD74CF}.Debug|Any CPU.Build.0 = Debug|Any CPU
		{6C0C25FD-098D-44D8-B09A-A4EA2BFD74CF}.Release|Any CPU.ActiveCfg = Release|Any CPU
		{6C0C25FD-098D-44D8-B09A-A4EA2BFD74CF}.Release|Any CPU.Build.0 = Release|Any CPU
		{A778C1B9-45F7-4A00-89D3-54F3467968F5}.Debug|Any CPU.ActiveCfg = Debug|Any CPU
		{A778C1B9-45F7-4A00-89D3-54F3467968F5}.Debug|Any CPU.Build.0 = Debug|Any CPU
		{A778C1B9-45F7-4A00-89D3-54F3467968F5}.Release|Any CPU.ActiveCfg = Release|Any CPU
		{A778C1B9-45F7-4A00-89D3-54F3467968F5}.Release|Any CPU.Build.0 = Release|Any CPU
		{80ED8D8D-3407-4481-B48E-1C845D2AAF84}.Debug|Any CPU.ActiveCfg = Debug|Any CPU
		{80ED8D8D-3407-4481-B48E-1C845D2AAF84}.Debug|Any CPU.Build.0 = Debug|Any CPU
		{80ED8D8D-3407-4481-B48E-1C845D2AAF84}.Release|Any CPU.ActiveCfg = Release|Any CPU
		{80ED8D8D-3407-4481-B48E-1C845D2AAF84}.Release|Any CPU.Build.0 = Release|Any CPU
		{465CAF3A-672C-490F-8268-4BE727C7FD07}.Debug|Any CPU.ActiveCfg = Debug|Any CPU
		{465CAF3A-672C-490F-8268-4BE727C7FD07}.Debug|Any CPU.Build.0 = Debug|Any CPU
		{465CAF3A-672C-490F-8268-4BE727C7FD07}.Release|Any CPU.ActiveCfg = Release|Any CPU
		{465CAF3A-672C-490F-8268-4BE727C7FD07}.Release|Any CPU.Build.0 = Release|Any CPU
		{CBCF9160-7746-4645-9EAC-DDB571536BED}.Debug|Any CPU.ActiveCfg = Debug|Any CPU
		{CBCF9160-7746-4645-9EAC-DDB571536BED}.Debug|Any CPU.Build.0 = Debug|Any CPU
		{CBCF9160-7746-4645-9EAC-DDB571536BED}.Release|Any CPU.ActiveCfg = Release|Any CPU
		{CBCF9160-7746-4645-9EAC-DDB571536BED}.Release|Any CPU.Build.0 = Release|Any CPU
		{E787AD05-E82F-437B-860C-3AA275033B59}.Debug|Any CPU.ActiveCfg = Debug|Any CPU
		{E787AD05-E82F-437B-860C-3AA275033B59}.Debug|Any CPU.Build.0 = Debug|Any CPU
		{E787AD05-E82F-437B-860C-3AA275033B59}.Release|Any CPU.ActiveCfg = Release|Any CPU
		{E787AD05-E82F-437B-860C-3AA275033B59}.Release|Any CPU.Build.0 = Release|Any CPU
		{663A6BD1-0FE5-4BDF-BACF-EF873C30A47E}.Debug|Any CPU.ActiveCfg = Debug|Any CPU
		{663A6BD1-0FE5-4BDF-BACF-EF873C30A47E}.Debug|Any CPU.Build.0 = Debug|Any CPU
		{663A6BD1-0FE5-4BDF-BACF-EF873C30A47E}.Release|Any CPU.ActiveCfg = Release|Any CPU
		{663A6BD1-0FE5-4BDF-BACF-EF873C30A47E}.Release|Any CPU.Build.0 = Release|Any CPU
		{6D86DDB4-5672-4E50-8777-3250D51DD732}.Debug|Any CPU.ActiveCfg = Debug|Any CPU
		{6D86DDB4-5672-4E50-8777-3250D51DD732}.Debug|Any CPU.Build.0 = Debug|Any CPU
		{6D86DDB4-5672-4E50-8777-3250D51DD732}.Release|Any CPU.ActiveCfg = Release|Any CPU
		{6D86DDB4-5672-4E50-8777-3250D51DD732}.Release|Any CPU.Build.0 = Release|Any CPU
		{03DB3080-52B4-4A8D-B9F7-1145FA7F2ACB}.Debug|Any CPU.ActiveCfg = Debug|Any CPU
		{03DB3080-52B4-4A8D-B9F7-1145FA7F2ACB}.Debug|Any CPU.Build.0 = Debug|Any CPU
		{03DB3080-52B4-4A8D-B9F7-1145FA7F2ACB}.Release|Any CPU.ActiveCfg = Release|Any CPU
		{03DB3080-52B4-4A8D-B9F7-1145FA7F2ACB}.Release|Any CPU.Build.0 = Release|Any CPU
	EndGlobalSection
	GlobalSection(SolutionProperties) = preSolution
		HideSolutionNode = FALSE
	EndGlobalSection
	GlobalSection(ExtensibilityGlobals) = postSolution
		SolutionGuid = {0A734DAD-9F0E-4DF0-A944-FEDFAD6EE10C}
	EndGlobalSection
EndGlobal
