
Microsoft Visual Studio Solution File, Format Version 12.00
# Visual Studio Version 17
VisualStudioVersion = 17.8.34309.116
MinimumVisualStudioVersion = 10.0.40219.1
Project("{778DAE3C-4631-46EA-AA77-85C1314464D9}") = "vbPixelGameEngine", "vbPixelGameEngine.vbproj", "{5FACC1B4-A4F5-48A7-B7E6-482A5D32B981}"
EndProject
Global
	GlobalSection(SolutionConfigurationPlatforms) = preSolution
		Debug|Any CPU = Debug|Any CPU
		Release|Any CPU = Release|Any CPU
	EndGlobalSection
	GlobalSection(ProjectConfigurationPlatforms) = postSolution
		{5FACC1B4-A4F5-48A7-B7E6-482A5D32B981}.Debug|Any CPU.ActiveCfg = Debug|Any CPU
		{5FACC1B4-A4F5-48A7-B7E6-482A5D32B981}.Debug|Any CPU.Build.0 = Debug|Any CPU
		{5FACC1B4-A4F5-48A7-B7E6-482A5D32B981}.Release|Any CPU.ActiveCfg = Release|Any CPU
		{5FACC1B4-A4F5-48A7-B7E6-482A5D32B981}.Release|Any CPU.Build.0 = Release|Any CPU
	EndGlobalSection
	GlobalSection(SolutionProperties) = preSolution
		HideSolutionNode = FALSE
	EndGlobalSection
	GlobalSection(ExtensibilityGlobals) = postSolution
		SolutionGuid = {CD997C61-BBEA-4CD1-8D90-582D48CD200F}
	EndGlobalSection
EndGlobal
